
Microsoft Visual Studio Solution File, Format Version 12.00
# Visual Studio Version 16
VisualStudioVersion = 16.0.31005.135
MinimumVisualStudioVersion = 10.0.40219.1
Project("{FAE04EC0-301F-11D3-BF4B-00C04F79EFBC}") = "ConsoleApplications", "ConsoleApplications\ConsoleApplications.csproj", "{34E332A6-C795-4C8D-9DD3-8ADBBDA3E83A}"
EndProject
Global
	GlobalSection(SolutionConfigurationPlatforms) = preSolution
		Debug|Any CPU = Debug|Any CPU
		Release|Any CPU = Release|Any CPU
	EndGlobalSection
	GlobalSection(ProjectConfigurationPlatforms) = postSolution
		{34E332A6-C795-4C8D-9DD3-8ADBBDA3E83A}.Debug|Any CPU.ActiveCfg = Debug|Any CPU
		{34E332A6-C795-4C8D-9DD3-8ADBBDA3E83A}.Debug|Any CPU.Build.0 = Debug|Any CPU
		{34E332A6-C795-4C8D-9DD3-8ADBBDA3E83A}.Release|Any CPU.ActiveCfg = Release|Any CPU
		{34E332A6-C795-4C8D-9DD3-8ADBBDA3E83A}.Release|Any CPU.Build.0 = Release|Any CPU
	EndGlobalSection
	GlobalSection(SolutionProperties) = preSolution
		HideSolutionNode = FALSE
	EndGlobalSection
	GlobalSection(ExtensibilityGlobals) = postSolution
		SolutionGuid = {49136E1D-5B4B-4581-BB1F-60D43037579C}
	EndGlobalSection
EndGlobal
